
Microsoft Visual Studio Solution File, Format Version 12.00
# Visual Studio Version 17
VisualStudioVersion = 17.10.34928.147
MinimumVisualStudioVersion = 10.0.40219.1
Project("{FAE04EC0-301F-11D3-BF4B-00C04F79EFBC}") = "Library System", "Library System\Library System.csproj", "{77F95662-48B7-4D0C-ABAE-0DA13BF2941A}"
EndProject
Global
	GlobalSection(SolutionConfigurationPlatforms) = preSolution
		Debug|Any CPU = Debug|Any CPU
		Release|Any CPU = Release|Any CPU
	EndGlobalSection
	GlobalSection(ProjectConfigurationPlatforms) = postSolution
		{77F95662-48B7-4D0C-ABAE-0DA13BF2941A}.Debug|Any CPU.ActiveCfg = Debug|Any CPU
		{77F95662-48B7-4D0C-ABAE-0DA13BF2941A}.Debug|Any CPU.Build.0 = Debug|Any CPU
		{77F95662-48B7-4D0C-ABAE-0DA13BF2941A}.Release|Any CPU.ActiveCfg = Release|Any CPU
		{77F95662-48B7-4D0C-ABAE-0DA13BF2941A}.Release|Any CPU.Build.0 = Release|Any CPU
	EndGlobalSection
	GlobalSection(SolutionProperties) = preSolution
		HideSolutionNode = FALSE
	EndGlobalSection
	GlobalSection(ExtensibilityGlobals) = postSolution
		SolutionGuid = {0A0F01AC-BC25-42F0-995F-5BE55E82ADBF}
	EndGlobalSection
EndGlobal
